// !$*UTF8*$!
{
	archiveVersion = 1;
	classes = {
	};
	objectVersion = 56;
	objects = {

/* Begin PBXBuildFile section */
		6FA17FF92C937F6800CCE5C8 /* RMV_CalculatorApp.swift in Sources */ = {isa = PBXBuildFile; fileRef = 6FA17FF82C937F6800CCE5C8 /* RMV_CalculatorApp.swift */; };
		6FA17FFB2C937F6800CCE5C8 /* ContentView.swift in Sources */ = {isa = PBXBuildFile; fileRef = 6FA17FFA2C937F6800CCE5C8 /* ContentView.swift */; };
		6FA17FFD2C937F6800CCE5C8 /* Assets.xcassets in Resources */ = {isa = PBXBuildFile; fileRef = 6FA17FFC2C937F6800CCE5C8 /* Assets.xcassets */; };
		6FA180002C937F6800CCE5C8 /* Preview Assets.xcassets in Resources */ = {isa = PBXBuildFile; fileRef = 6FA17FFF2C937F6800CCE5C8 /* Preview Assets.xcassets */; };
		6FA1800A2C937F6800CCE5C8 /* RMV_CalculatorTests.swift in Sources */ = {isa = PBXBuildFile; fileRef = 6FA180092C937F6800CCE5C8 /* RMV_CalculatorTests.swift */; };
		6FA180142C937F6800CCE5C8 /* RMV_CalculatorUITests.swift in Sources */ = {isa = PBXBuildFile; fileRef = 6FA180132C937F6800CCE5C8 /* RMV_CalculatorUITests.swift */; };
		6FA180162C937F6800CCE5C8 /* RMV_CalculatorUITestsLaunchTests.swift in Sources */ = {isa = PBXBuildFile; fileRef = 6FA180152C937F6800CCE5C8 /* RMV_CalculatorUITestsLaunchTests.swift */; };
/* End PBXBuildFile section */

/* Begin PBXContainerItemProxy section */
		6FA180062C937F6800CCE5C8 /* PBXContainerItemProxy */ = {
			isa = PBXContainerItemProxy;
			containerPortal = 6FA17FED2C937F6800CCE5C8 /* Project object */;
			proxyType = 1;
			remoteGlobalIDString = 6FA17FF42C937F6800CCE5C8;
			remoteInfo = "RMV Calculator";
		};
		6FA180102C937F6800CCE5C8 /* PBXContainerItemProxy */ = {
			isa = PBXContainerItemProxy;
			containerPortal = 6FA17FED2C937F6800CCE5C8 /* Project object */;
			proxyType = 1;
			remoteGlobalIDString = 6FA17FF42C937F6800CCE5C8;
			remoteInfo = "RMV Calculator";
		};
/* End PBXContainerItemProxy section */

/* Begin PBXFileReference section */
		6FA17FF52C937F6800CCE5C8 /* RMV Calculator.app */ = {isa = PBXFileReference; explicitFileType = wrapper.application; includeInIndex = 0; path = "RMV Calculator.app"; sourceTree = BUILT_PRODUCTS_DIR; };
		6FA17FF82C937F6800CCE5C8 /* RMV_CalculatorApp.swift */ = {isa = PBXFileReference; lastKnownFileType = sourcecode.swift; path = RMV_CalculatorApp.swift; sourceTree = "<group>"; };
		6FA17FFA2C937F6800CCE5C8 /* ContentView.swift */ = {isa = PBXFileReference; lastKnownFileType = sourcecode.swift; path = ContentView.swift; sourceTree = "<group>"; };
		6FA17FFC2C937F6800CCE5C8 /* Assets.xcassets */ = {isa = PBXFileReference; lastKnownFileType = folder.assetcatalog; path = Assets.xcassets; sourceTree = "<group>"; };
		6FA17FFF2C937F6800CCE5C8 /* Preview Assets.xcassets */ = {isa = PBXFileReference; lastKnownFileType = folder.assetcatalog; path = "Preview Assets.xcassets"; sourceTree = "<group>"; };
		6FA180052C937F6800CCE5C8 /* RMV CalculatorTests.xctest */ = {isa = PBXFileReference; explicitFileType = wrapper.cfbundle; includeInIndex = 0; path = "RMV CalculatorTests.xctest"; sourceTree = BUILT_PRODUCTS_DIR; };
		6FA180092C937F6800CCE5C8 /* RMV_CalculatorTests.swift */ = {isa = PBXFileReference; lastKnownFileType = sourcecode.swift; path = RMV_CalculatorTests.swift; sourceTree = "<group>"; };
		6FA1800F2C937F6800CCE5C8 /* RMV CalculatorUITests.xctest */ = {isa = PBXFileReference; explicitFileType = wrapper.cfbundle; includeInIndex = 0; path = "RMV CalculatorUITests.xctest"; sourceTree = BUILT_PRODUCTS_DIR; };
		6FA180132C937F6800CCE5C8 /* RMV_CalculatorUITests.swift */ = {isa = PBXFileReference; lastKnownFileType = sourcecode.swift; path = RMV_CalculatorUITests.swift; sourceTree = "<group>"; };
		6FA180152C937F6800CCE5C8 /* RMV_CalculatorUITestsLaunchTests.swift */ = {isa = PBXFileReference; lastKnownFileType = sourcecode.swift; path = RMV_CalculatorUITestsLaunchTests.swift; sourceTree = "<group>"; };
/* End PBXFileReference section */

/* Begin PBXFrameworksBuildPhase section */
		6FA17FF22C937F6800CCE5C8 /* Frameworks */ = {
			isa = PBXFrameworksBuildPhase;
			buildActionMask = 2147483647;
			files = (
			);
			runOnlyForDeploymentPostprocessing = 0;
		};
		6FA180022C937F6800CCE5C8 /* Frameworks */ = {
			isa = PBXFrameworksBuildPhase;
			buildActionMask = 2147483647;
			files = (
			);
			runOnlyForDeploymentPostprocessing = 0;
		};
		6FA1800C2C937F6800CCE5C8 /* Frameworks */ = {
			isa = PBXFrameworksBuildPhase;
			buildActionMask = 2147483647;
			files = (
			);
			runOnlyForDeploymentPostprocessing = 0;
		};
/* End PBXFrameworksBuildPhase section */

/* Begin PBXGroup section */
		6FA17FEC2C937F6800CCE5C8 = {
			isa = PBXGroup;
			children = (
				6FA17FF72C937F6800CCE5C8 /* RMV Calculator */,
				6FA180082C937F6800CCE5C8 /* RMV CalculatorTests */,
				6FA180122C937F6800CCE5C8 /* RMV CalculatorUITests */,
				6FA17FF62C937F6800CCE5C8 /* Products */,
			);
			sourceTree = "<group>";
		};
		6FA17FF62C937F6800CCE5C8 /* Products */ = {
			isa = PBXGroup;
			children = (
				6FA17FF52C937F6800CCE5C8 /* RMV Calculator.app */,
				6FA180052C937F6800CCE5C8 /* RMV CalculatorTests.xctest */,
				6FA1800F2C937F6800CCE5C8 /* RMV CalculatorUITests.xctest */,
			);
			name = Products;
			sourceTree = "<group>";
		};
		6FA17FF72C937F6800CCE5C8 /* RMV Calculator */ = {
			isa = PBXGroup;
			children = (
				6FA17FF82C937F6800CCE5C8 /* RMV_CalculatorApp.swift */,
				6FA17FFA2C937F6800CCE5C8 /* ContentView.swift */,
				6FA17FFC2C937F6800CCE5C8 /* Assets.xcassets */,
				6FA17FFE2C937F6800CCE5C8 /* Preview Content */,
			);
			path = "RMV Calculator";
			sourceTree = "<group>";
		};
		6FA17FFE2C937F6800CCE5C8 /* Preview Content */ = {
			isa = PBXGroup;
			children = (
				6FA17FFF2C937F6800CCE5C8 /* Preview Assets.xcassets */,
			);
			path = "Preview Content";
			sourceTree = "<group>";
		};
		6FA180082C937F6800CCE5C8 /* RMV CalculatorTests */ = {
			isa = PBXGroup;
			children = (
				6FA180092C937F6800CCE5C8 /* RMV_CalculatorTests.swift */,
			);
			path = "RMV CalculatorTests";
			sourceTree = "<group>";
		};
		6FA180122C937F6800CCE5C8 /* RMV CalculatorUITests */ = {
			isa = PBXGroup;
			children = (
				6FA180132C937F6800CCE5C8 /* RMV_CalculatorUITests.swift */,
				6FA180152C937F6800CCE5C8 /* RMV_CalculatorUITestsLaunchTests.swift */,
			);
			path = "RMV CalculatorUITests";
			sourceTree = "<group>";
		};
/* End PBXGroup section */

/* Begin PBXNativeTarget section */
		6FA17FF42C937F6800CCE5C8 /* RMV Calculator */ = {
			isa = PBXNativeTarget;
			buildConfigurationList = 6FA180192C937F6800CCE5C8 /* Build configuration list for PBXNativeTarget "RMV Calculator" */;
			buildPhases = (
				6FA17FF12C937F6800CCE5C8 /* Sources */,
				6FA17FF22C937F6800CCE5C8 /* Frameworks */,
				6FA17FF32C937F6800CCE5C8 /* Resources */,
			);
			buildRules = (
			);
			dependencies = (
			);
			name = "RMV Calculator";
			productName = "RMV Calculator";
			productReference = 6FA17FF52C937F6800CCE5C8 /* RMV Calculator.app */;
			productType = "com.apple.product-type.application";
		};
		6FA180042C937F6800CCE5C8 /* RMV CalculatorTests */ = {
			isa = PBXNativeTarget;
			buildConfigurationList = 6FA1801C2C937F6800CCE5C8 /* Build configuration list for PBXNativeTarget "RMV CalculatorTests" */;
			buildPhases = (
				6FA180012C937F6800CCE5C8 /* Sources */,
				6FA180022C937F6800CCE5C8 /* Frameworks */,
				6FA180032C937F6800CCE5C8 /* Resources */,
			);
			buildRules = (
			);
			dependencies = (
				6FA180072C937F6800CCE5C8 /* PBXTargetDependency */,
			);
			name = "RMV CalculatorTests";
			productName = "RMV CalculatorTests";
			productReference = 6FA180052C937F6800CCE5C8 /* RMV CalculatorTests.xctest */;
			productType = "com.apple.product-type.bundle.unit-test";
		};
		6FA1800E2C937F6800CCE5C8 /* RMV CalculatorUITests */ = {
			isa = PBXNativeTarget;
			buildConfigurationList = 6FA1801F2C937F6800CCE5C8 /* Build configuration list for PBXNativeTarget "RMV CalculatorUITests" */;
			buildPhases = (
				6FA1800B2C937F6800CCE5C8 /* Sources */,
				6FA1800C2C937F6800CCE5C8 /* Frameworks */,
				6FA1800D2C937F6800CCE5C8 /* Resources */,
			);
			buildRules = (
			);
			dependencies = (
				6FA180112C937F6800CCE5C8 /* PBXTargetDependency */,
			);
			name = "RMV CalculatorUITests";
			productName = "RMV CalculatorUITests";
			productReference = 6FA1800F2C937F6800CCE5C8 /* RMV CalculatorUITests.xctest */;
			productType = "com.apple.product-type.bundle.ui-testing";
		};
/* End PBXNativeTarget section */

/* Begin PBXProject section */
		6FA17FED2C937F6800CCE5C8 /* Project object */ = {
			isa = PBXProject;
			attributes = {
				BuildIndependentTargetsInParallel = 1;
				LastSwiftUpdateCheck = 1540;
				LastUpgradeCheck = 1540;
				TargetAttributes = {
					6FA17FF42C937F6800CCE5C8 = {
						CreatedOnToolsVersion = 15.4;
					};
					6FA180042C937F6800CCE5C8 = {
						CreatedOnToolsVersion = 15.4;
						TestTargetID = 6FA17FF42C937F6800CCE5C8;
					};
					6FA1800E2C937F6800CCE5C8 = {
						CreatedOnToolsVersion = 15.4;
						TestTargetID = 6FA17FF42C937F6800CCE5C8;
					};
				};
			};
			buildConfigurationList = 6FA17FF02C937F6800CCE5C8 /* Build configuration list for PBXProject "RMV Calculator" */;
			compatibilityVersion = "Xcode 14.0";
			developmentRegion = en;
			hasScannedForEncodings = 0;
			knownRegions = (
				en,
				Base,
			);
			mainGroup = 6FA17FEC2C937F6800CCE5C8;
			productRefGroup = 6FA17FF62C937F6800CCE5C8 /* Products */;
			projectDirPath = "";
			projectRoot = "";
			targets = (
				6FA17FF42C937F6800CCE5C8 /* RMV Calculator */,
				6FA180042C937F6800CCE5C8 /* RMV CalculatorTests */,
				6FA1800E2C937F6800CCE5C8 /* RMV CalculatorUITests */,
			);
		};
/* End PBXProject section */

/* Begin PBXResourcesBuildPhase section */
		6FA17FF32C937F6800CCE5C8 /* Resources */ = {
			isa = PBXResourcesBuildPhase;
			buildActionMask = 2147483647;
			files = (
				6FA180002C937F6800CCE5C8 /* Preview Assets.xcassets in Resources */,
				6FA17FFD2C937F6800CCE5C8 /* Assets.xcassets in Resources */,
			);
			runOnlyForDeploymentPostprocessing = 0;
		};
		6FA180032C937F6800CCE5C8 /* Resources */ = {
			isa = PBXResourcesBuildPhase;
			buildActionMask = 2147483647;
			files = (
			);
			runOnlyForDeploymentPostprocessing = 0;
		};
		6FA1800D2C937F6800CCE5C8 /* Resources */ = {
			isa = PBXResourcesBuildPhase;
			buildActionMask = 2147483647;
			files = (
			);
			runOnlyForDeploymentPostprocessing = 0;
		};
/* End PBXResourcesBuildPhase section */

/* Begin PBXSourcesBuildPhase section */
		6FA17FF12C937F6800CCE5C8 /* Sources */ = {
			isa = PBXSourcesBuildPhase;
			buildActionMask = 2147483647;
			files = (
				6FA17FFB2C937F6800CCE5C8 /* ContentView.swift in Sources */,
				6FA17FF92C937F6800CCE5C8 /* RMV_CalculatorApp.swift in Sources */,
			);
			runOnlyForDeploymentPostprocessing = 0;
		};
		6FA180012C937F6800CCE5C8 /* Sources */ = {
			isa = PBXSourcesBuildPhase;
			buildActionMask = 2147483647;
			files = (
				6FA1800A2C937F6800CCE5C8 /* RMV_CalculatorTests.swift in Sources */,
			);
			runOnlyForDeploymentPostprocessing = 0;
		};
		6FA1800B2C937F6800CCE5C8 /* Sources */ = {
			isa = PBXSourcesBuildPhase;
			buildActionMask = 2147483647;
			files = (
				6FA180162C937F6800CCE5C8 /* RMV_CalculatorUITestsLaunchTests.swift in Sources */,
				6FA180142C937F6800CCE5C8 /* RMV_CalculatorUITests.swift in Sources */,
			);
			runOnlyForDeploymentPostprocessing = 0;
		};
/* End PBXSourcesBuildPhase section */

/* Begin PBXTargetDependency section */
		6FA180072C937F6800CCE5C8 /* PBXTargetDependency */ = {
			isa = PBXTargetDependency;
			target = 6FA17FF42C937F6800CCE5C8 /* RMV Calculator */;
			targetProxy = 6FA180062C937F6800CCE5C8 /* PBXContainerItemProxy */;
		};
		6FA180112C937F6800CCE5C8 /* PBXTargetDependency */ = {
			isa = PBXTargetDependency;
			target = 6FA17FF42C937F6800CCE5C8 /* RMV Calculator */;
			targetProxy = 6FA180102C937F6800CCE5C8 /* PBXContainerItemProxy */;
		};
/* End PBXTargetDependency section */

/* Begin XCBuildConfiguration section */
		6FA180172C937F6800CCE5C8 /* Debug */ = {
			isa = XCBuildConfiguration;
			buildSettings = {
				ALWAYS_SEARCH_USER_PATHS = NO;
				ASSETCATALOG_COMPILER_GENERATE_SWIFT_ASSET_SYMBOL_EXTENSIONS = YES;
				CLANG_ANALYZER_NONNULL = YES;
				CLANG_ANALYZER_NUMBER_OBJECT_CONVERSION = YES_AGGRESSIVE;
				CLANG_CXX_LANGUAGE_STANDARD = "gnu++20";
				CLANG_ENABLE_MODULES = YES;
				CLANG_ENABLE_OBJC_ARC = YES;
				CLANG_ENABLE_OBJC_WEAK = YES;
				CLANG_WARN_BLOCK_CAPTURE_AUTORELEASING = YES;
				CLANG_WARN_BOOL_CONVERSION = YES;
				CLANG_WARN_COMMA = YES;
				CLANG_WARN_CONSTANT_CONVERSION = YES;
				CLANG_WARN_DEPRECATED_OBJC_IMPLEMENTATIONS = YES;
				CLANG_WARN_DIRECT_OBJC_ISA_USAGE = YES_ERROR;
				CLANG_WARN_DOCUMENTATION_COMMENTS = YES;
				CLANG_WARN_EMPTY_BODY = YES;
				CLANG_WARN_ENUM_CONVERSION = YES;
				CLANG_WARN_INFINITE_RECURSION = YES;
				CLANG_WARN_INT_CONVERSION = YES;
				CLANG_WARN_NON_LITERAL_NULL_CONVERSION = YES;
				CLANG_WARN_OBJC_IMPLICIT_RETAIN_SELF = YES;
				CLANG_WARN_OBJC_LITERAL_CONVERSION = YES;
				CLANG_WARN_OBJC_ROOT_CLASS = YES_ERROR;
				CLANG_WARN_QUOTED_INCLUDE_IN_FRAMEWORK_HEADER = YES;
				CLANG_WARN_RANGE_LOOP_ANALYSIS = YES;
				CLANG_WARN_STRICT_PROTOTYPES = YES;
				CLANG_WARN_SUSPICIOUS_MOVE = YES;
				CLANG_WARN_UNGUARDED_AVAILABILITY = YES_AGGRESSIVE;
				CLANG_WARN_UNREACHABLE_CODE = YES;
				CLANG_WARN__DUPLICATE_METHOD_MATCH = YES;
				COPY_PHASE_STRIP = NO;
				DEBUG_INFORMATION_FORMAT = dwarf;
				ENABLE_STRICT_OBJC_MSGSEND = YES;
				ENABLE_TESTABILITY = YES;
				ENABLE_USER_SCRIPT_SANDBOXING = YES;
				GCC_C_LANGUAGE_STANDARD = gnu17;
				GCC_DYNAMIC_NO_PIC = NO;
				GCC_NO_COMMON_BLOCKS = YES;
				GCC_OPTIMIZATION_LEVEL = 0;
				GCC_PREPROCESSOR_DEFINITIONS = (
					"DEBUG=1",
					"$(inherited)",
				);
				GCC_WARN_64_TO_32_BIT_CONVERSION = YES;
				GCC_WARN_ABOUT_RETURN_TYPE = YES_ERROR;
				GCC_WARN_UNDECLARED_SELECTOR = YES;
				GCC_WARN_UNINITIALIZED_AUTOS = YES_AGGRESSIVE;
				GCC_WARN_UNUSED_FUNCTION = YES;
				GCC_WARN_UNUSED_VARIABLE = YES;
				IPHONEOS_DEPLOYMENT_TARGET = 17.5;
				LOCALIZATION_PREFERS_STRING_CATALOGS = YES;
				MTL_ENABLE_DEBUG_INFO = INCLUDE_SOURCE;
				MTL_FAST_MATH = YES;
				ONLY_ACTIVE_ARCH = YES;
				SDKROOT = iphoneos;
				SWIFT_ACTIVE_COMPILATION_CONDITIONS = "DEBUG $(inherited)";
				SWIFT_OPTIMIZATION_LEVEL = "-Onone";
			};
			name = Debug;
		};
		6FA180182C937F6800CCE5C8 /* Release */ = {
			isa = XCBuildConfiguration;
			buildSettings = {
				ALWAYS_SEARCH_USER_PATHS = NO;
				ASSETCATALOG_COMPILER_GENERATE_SWIFT_ASSET_SYMBOL_EXTENSIONS = YES;
				CLANG_ANALYZER_NONNULL = YES;
				CLANG_ANALYZER_NUMBER_OBJECT_CONVERSION = YES_AGGRESSIVE;
				CLANG_CXX_LANGUAGE_STANDARD = "gnu++20";
				CLANG_ENABLE_MODULES = YES;
				CLANG_ENABLE_OBJC_ARC = YES;
				CLANG_ENABLE_OBJC_WEAK = YES;
				CLANG_WARN_BLOCK_CAPTURE_AUTORELEASING = YES;
				CLANG_WARN_BOOL_CONVERSION = YES;
				CLANG_WARN_COMMA = YES;
				CLANG_WARN_CONSTANT_CONVERSION = YES;
				CLANG_WARN_DEPRECATED_OBJC_IMPLEMENTATIONS = YES;
				CLANG_WARN_DIRECT_OBJC_ISA_USAGE = YES_ERROR;
				CLANG_WARN_DOCUMENTATION_COMMENTS = YES;
				CLANG_WARN_EMPTY_BODY = YES;
				CLANG_WARN_ENUM_CONVERSION = YES;
				CLANG_WARN_INFINITE_RECURSION = YES;
				CLANG_WARN_INT_CONVERSION = YES;
				CLANG_WARN_NON_LITERAL_NULL_CONVERSION = YES;
				CLANG_WARN_OBJC_IMPLICIT_RETAIN_SELF = YES;
				CLANG_WARN_OBJC_LITERAL_CONVERSION = YES;
				CLANG_WARN_OBJC_ROOT_CLASS = YES_ERROR;
				CLANG_WARN_QUOTED_INCLUDE_IN_FRAMEWORK_HEADER = YES;
				CLANG_WARN_RANGE_LOOP_ANALYSIS = YES;
				CLANG_WARN_STRICT_PROTOTYPES = YES;
				CLANG_WARN_SUSPICIOUS_MOVE = YES;
				CLANG_WARN_UNGUARDED_AVAILABILITY = YES_AGGRESSIVE;
				CLANG_WARN_UNREACHABLE_CODE = YES;
				CLANG_WARN__DUPLICATE_METHOD_MATCH = YES;
				COPY_PHASE_STRIP = NO;
				DEBUG_INFORMATION_FORMAT = "dwarf-with-dsym";
				ENABLE_NS_ASSERTIONS = NO;
				ENABLE_STRICT_OBJC_MSGSEND = YES;
				ENABLE_USER_SCRIPT_SANDBOXING = YES;
				GCC_C_LANGUAGE_STANDARD = gnu17;
				GCC_NO_COMMON_BLOCKS = YES;
				GCC_WARN_64_TO_32_BIT_CONVERSION = YES;
				GCC_WARN_ABOUT_RETURN_TYPE = YES_ERROR;
				GCC_WARN_UNDECLARED_SELECTOR = YES;
				GCC_WARN_UNINITIALIZED_AUTOS = YES_AGGRESSIVE;
				GCC_WARN_UNUSED_FUNCTION = YES;
				GCC_WARN_UNUSED_VARIABLE = YES;
				IPHONEOS_DEPLOYMENT_TARGET = 17.5;
				LOCALIZATION_PREFERS_STRING_CATALOGS = YES;
				MTL_ENABLE_DEBUG_INFO = NO;
				MTL_FAST_MATH = YES;
				SDKROOT = iphoneos;
				SWIFT_COMPILATION_MODE = wholemodule;
				VALIDATE_PRODUCT = YES;
			};
			name = Release;
		};
		6FA1801A2C937F6800CCE5C8 /* Debug */ = {
			isa = XCBuildConfiguration;
			buildSettings = {
				ASSETCATALOG_COMPILER_APPICON_NAME = AppIcon;
				ASSETCATALOG_COMPILER_GLOBAL_ACCENT_COLOR_NAME = AccentColor;
				CODE_SIGN_STYLE = Automatic;
				CURRENT_PROJECT_VERSION = 1;
				DEVELOPMENT_ASSET_PATHS = "\"RMV Calculator/Preview Content\"";
				DEVELOPMENT_TEAM = VCDA55RC7B;
				ENABLE_PREVIEWS = YES;
				GENERATE_INFOPLIST_FILE = YES;
				INFOPLIST_KEY_UIApplicationSceneManifest_Generation = YES;
				INFOPLIST_KEY_UIApplicationSupportsIndirectInputEvents = YES;
				INFOPLIST_KEY_UILaunchScreen_Generation = YES;
				INFOPLIST_KEY_UISupportedInterfaceOrientations_iPad = "UIInterfaceOrientationPortrait UIInterfaceOrientationPortraitUpsideDown UIInterfaceOrientationLandscapeLeft UIInterfaceOrientationLandscapeRight";
				INFOPLIST_KEY_UISupportedInterfaceOrientations_iPhone = "UIInterfaceOrientationPortrait UIInterfaceOrientationLandscapeLeft UIInterfaceOrientationLandscapeRight";
				LD_RUNPATH_SEARCH_PATHS = (
					"$(inherited)",
					"@executable_path/Frameworks",
				);
				MARKETING_VERSION = 1.0;
				PRODUCT_BUNDLE_IDENTIFIER = "me.RMV-Calculator";
				PRODUCT_NAME = "$(TARGET_NAME)";
				SWIFT_EMIT_LOC_STRINGS = YES;
				SWIFT_VERSION = 5.0;
				TARGETED_DEVICE_FAMILY = "1,2";
			};
			name = Debug;
		};
		6FA1801B2C937F6800CCE5C8 /* Release */ = {
			isa = XCBuildConfiguration;
			buildSettings = {
				ASSETCATALOG_COMPILER_APPICON_NAME = AppIcon;
				ASSETCATALOG_COMPILER_GLOBAL_ACCENT_COLOR_NAME = AccentColor;
				CODE_SIGN_STYLE = Automatic;
				CURRENT_PROJECT_VERSION = 1;
				DEVELOPMENT_ASSET_PATHS = "\"RMV Calculator/Preview Content\"";
				DEVELOPMENT_TEAM = VCDA55RC7B;
				ENABLE_PREVIEWS = YES;
				GENERATE_INFOPLIST_FILE = YES;
				INFOPLIST_KEY_UIApplicationSceneManifest_Generation = YES;
				INFOPLIST_KEY_UIApplicationSupportsIndirectInputEvents = YES;
				INFOPLIST_KEY_UILaunchScreen_Generation = YES;
				INFOPLIST_KEY_UISupportedInterfaceOrientations_iPad = "UIInterfaceOrientationPortrait UIInterfaceOrientationPortraitUpsideDown UIInterfaceOrientationLandscapeLeft UIInterfaceOrientationLandscapeRight";
				INFOPLIST_KEY_UISupportedInterfaceOrientations_iPhone = "UIInterfaceOrientationPortrait UIInterfaceOrientationLandscapeLeft UIInterfaceOrientationLandscapeRight";
				LD_RUNPATH_SEARCH_PATHS = (
					"$(inherited)",
					"@executable_path/Frameworks",
				);
				MARKETING_VERSION = 1.0;
				PRODUCT_BUNDLE_IDENTIFIER = "me.RMV-Calculator";
				PRODUCT_NAME = "$(TARGET_NAME)";
				SWIFT_EMIT_LOC_STRINGS = YES;
				SWIFT_VERSION = 5.0;
				TARGETED_DEVICE_FAMILY = "1,2";
			};
			name = Release;
		};
		6FA1801D2C937F6800CCE5C8 /* Debug */ = {
			isa = XCBuildConfiguration;
			buildSettings = {
				ALWAYS_EMBED_SWIFT_STANDARD_LIBRARIES = YES;
				BUNDLE_LOADER = "$(TEST_HOST)";
				CODE_SIGN_STYLE = Automatic;
				CURRENT_PROJECT_VERSION = 1;
				DEVELOPMENT_TEAM = VCDA55RC7B;
				GENERATE_INFOPLIST_FILE = YES;
				IPHONEOS_DEPLOYMENT_TARGET = 17.5;
				MARKETING_VERSION = 1.0;
				PRODUCT_BUNDLE_IDENTIFIER = "me.RMV-CalculatorTests";
				PRODUCT_NAME = "$(TARGET_NAME)";
				SWIFT_EMIT_LOC_STRINGS = NO;
				SWIFT_VERSION = 5.0;
				TARGETED_DEVICE_FAMILY = "1,2";
				TEST_HOST = "$(BUILT_PRODUCTS_DIR)/RMV Calculator.app/$(BUNDLE_EXECUTABLE_FOLDER_PATH)/RMV Calculator";
			};
			name = Debug;
		};
		6FA1801E2C937F6800CCE5C8 /* Release */ = {
			isa = XCBuildConfiguration;
			buildSettings = {
				ALWAYS_EMBED_SWIFT_STANDARD_LIBRARIES = YES;
				BUNDLE_LOADER = "$(TEST_HOST)";
				CODE_SIGN_STYLE = Automatic;
				CURRENT_PROJECT_VERSION = 1;
				DEVELOPMENT_TEAM = VCDA55RC7B;
				GENERATE_INFOPLIST_FILE = YES;
				IPHONEOS_DEPLOYMENT_TARGET = 17.5;
				MARKETING_VERSION = 1.0;
				PRODUCT_BUNDLE_IDENTIFIER = "me.RMV-CalculatorTests";
				PRODUCT_NAME = "$(TARGET_NAME)";
				SWIFT_EMIT_LOC_STRINGS = NO;
				SWIFT_VERSION = 5.0;
				TARGETED_DEVICE_FAMILY = "1,2";
				TEST_HOST = "$(BUILT_PRODUCTS_DIR)/RMV Calculator.app/$(BUNDLE_EXECUTABLE_FOLDER_PATH)/RMV Calculator";
			};
			name = Release;
		};
		6FA180202C937F6800CCE5C8 /* Debug */ = {
			isa = XCBuildConfiguration;
			buildSettings = {
				ALWAYS_EMBED_SWIFT_STANDARD_LIBRARIES = YES;
				CODE_SIGN_STYLE = Automatic;
				CURRENT_PROJECT_VERSION = 1;
				DEVELOPMENT_TEAM = VCDA55RC7B;
				GENERATE_INFOPLIST_FILE = YES;
				MARKETING_VERSION = 1.0;
				PRODUCT_BUNDLE_IDENTIFIER = "me.RMV-CalculatorUITests";
				PRODUCT_NAME = "$(TARGET_NAME)";
				SWIFT_EMIT_LOC_STRINGS = NO;
				SWIFT_VERSION = 5.0;
				TARGETED_DEVICE_FAMILY = "1,2";
				TEST_TARGET_NAME = "RMV Calculator";
			};
			name = Debug;
		};
		6FA180212C937F6800CCE5C8 /* Release */ = {
			isa = XCBuildConfiguration;
			buildSettings = {
				ALWAYS_EMBED_SWIFT_STANDARD_LIBRARIES = YES;
				CODE_SIGN_STYLE = Automatic;
				CURRENT_PROJECT_VERSION = 1;
				DEVELOPMENT_TEAM = VCDA55RC7B;
				GENERATE_INFOPLIST_FILE = YES;
				MARKETING_VERSION = 1.0;
				PRODUCT_BUNDLE_IDENTIFIER = "me.RMV-CalculatorUITests";
				PRODUCT_NAME = "$(TARGET_NAME)";
				SWIFT_EMIT_LOC_STRINGS = NO;
				SWIFT_VERSION = 5.0;
				TARGETED_DEVICE_FAMILY = "1,2";
				TEST_TARGET_NAME = "RMV Calculator";
			};
			name = Release;
		};
/* End XCBuildConfiguration section */

/* Begin XCConfigurationList section */
		6FA17FF02C937F6800CCE5C8 /* Build configuration list for PBXProject "RMV Calculator" */ = {
			isa = XCConfigurationList;
			buildConfigurations = (
				6FA180172C937F6800CCE5C8 /* Debug */,
				6FA180182C937F6800CCE5C8 /* Release */,
			);
			defaultConfigurationIsVisible = 0;
			defaultConfigurationName = Release;
		};
		6FA180192C937F6800CCE5C8 /* Build configuration list for PBXNativeTarget "RMV Calculator" */ = {
			isa = XCConfigurationList;
			buildConfigurations = (
				6FA1801A2C937F6800CCE5C8 /* Debug */,
				6FA1801B2C937F6800CCE5C8 /* Release */,
			);
			defaultConfigurationIsVisible = 0;
			defaultConfigurationName = Release;
		};
		6FA1801C2C937F6800CCE5C8 /* Build configuration list for PBXNativeTarget "RMV CalculatorTests" */ = {
			isa = XCConfigurationList;
			buildConfigurations = (
				6FA1801D2C937F6800CCE5C8 /* Debug */,
				6FA1801E2C937F6800CCE5C8 /* Release */,
			);
			defaultConfigurationIsVisible = 0;
			defaultConfigurationName = Release;
		};
		6FA1801F2C937F6800CCE5C8 /* Build configuration list for PBXNativeTarget "RMV CalculatorUITests" */ = {
			isa = XCConfigurationList;
			buildConfigurations = (
				6FA180202C937F6800CCE5C8 /* Debug */,
				6FA180212C937F6800CCE5C8 /* Release */,
			);
			defaultConfigurationIsVisible = 0;
			defaultConfigurationName = Release;
		};
/* End XCConfigurationList section */
	};
	rootObject = 6FA17FED2C937F6800CCE5C8 /* Project object */;
}
